// !$*UTF8*$!
{
	archiveVersion = 1;
	classes = {
	};
	objectVersion = 46;
	objects = {

/* Begin PBXBuildFile section */
		2523822B1A64D45B001393AA /* main.m in Sources */ = {isa = PBXBuildFile; fileRef = 2523822A1A64D45B001393AA /* main.m */; };
		2523822E1A64D45B001393AA /* AppDelegate.m in Sources */ = {isa = PBXBuildFile; fileRef = 2523822D1A64D45B001393AA /* AppDelegate.m */; };
		252382311A64D45B001393AA /* Malls_ID.xcdatamodeld in Sources */ = {isa = PBXBuildFile; fileRef = 2523822F1A64D45B001393AA /* Malls_ID.xcdatamodeld */; };
		252382341A64D45B001393AA /* ViewController.m in Sources */ = {isa = PBXBuildFile; fileRef = 252382331A64D45B001393AA /* ViewController.m */; };
		252382371A64D45B001393AA /* Main.storyboard in Resources */ = {isa = PBXBuildFile; fileRef = 252382351A64D45B001393AA /* Main.storyboard */; };
		252382391A64D45B001393AA /* Images.xcassets in Resources */ = {isa = PBXBuildFile; fileRef = 252382381A64D45B001393AA /* Images.xcassets */; };
		2523823C1A64D45B001393AA /* LaunchScreen.xib in Resources */ = {isa = PBXBuildFile; fileRef = 2523823A1A64D45B001393AA /* LaunchScreen.xib */; };
		252382481A64D45B001393AA /* Malls_IDTests.m in Sources */ = {isa = PBXBuildFile; fileRef = 252382471A64D45B001393AA /* Malls_IDTests.m */; };
		252382541A64D67A001393AA /* SWRevealViewController.m in Sources */ = {isa = PBXBuildFile; fileRef = 252382531A64D67A001393AA /* SWRevealViewController.m */; };
		252382641A64DD9A001393AA /* box.png in Resources */ = {isa = PBXBuildFile; fileRef = 252382571A64DD9A001393AA /* box.png */; };
		252382651A64DD9A001393AA /* calendar.png in Resources */ = {isa = PBXBuildFile; fileRef = 252382581A64DD9A001393AA /* calendar.png */; };
		252382661A64DD9A001393AA /* clock.png in Resources */ = {isa = PBXBuildFile; fileRef = 252382591A64DD9A001393AA /* clock.png */; };
		252382671A64DD9A001393AA /* comment.png in Resources */ = {isa = PBXBuildFile; fileRef = 2523825A1A64DD9A001393AA /* comment.png */; };
		252382681A64DD9A001393AA /* date_count.png in Resources */ = {isa = PBXBuildFile; fileRef = 2523825B1A64DD9A001393AA /* date_count.png */; };
		252382691A64DD9A001393AA /* directory.png in Resources */ = {isa = PBXBuildFile; fileRef = 2523825C1A64DD9A001393AA /* directory.png */; };
		2523826A1A64DD9A001393AA /* letter.png in Resources */ = {isa = PBXBuildFile; fileRef = 2523825D1A64DD9A001393AA /* letter.png */; };
		2523826B1A64DD9A001393AA /* mail.png in Resources */ = {isa = PBXBuildFile; fileRef = 2523825E1A64DD9A001393AA /* mail.png */; };
		2523826C1A64DD9A001393AA /* price_tag_blue.png in Resources */ = {isa = PBXBuildFile; fileRef = 2523825F1A64DD9A001393AA /* price_tag_blue.png */; };
		2523826D1A64DD9A001393AA /* price_tag_green.png in Resources */ = {isa = PBXBuildFile; fileRef = 252382601A64DD9A001393AA /* price_tag_green.png */; };
		2523826E1A64DD9A001393AA /* price_tag_red.png in Resources */ = {isa = PBXBuildFile; fileRef = 252382611A64DD9A001393AA /* price_tag_red.png */; };
		2523826F1A64DD9A001393AA /* price_tag_yellow.png in Resources */ = {isa = PBXBuildFile; fileRef = 252382621A64DD9A001393AA /* price_tag_yellow.png */; };
		252382701A64DD9A001393AA /* shopping_bag.png in Resources */ = {isa = PBXBuildFile; fileRef = 252382631A64DD9A001393AA /* shopping_bag.png */; };
		252382741A64DE3C001393AA /* map.png in Resources */ = {isa = PBXBuildFile; fileRef = 252382711A64DE3C001393AA /* map.png */; };
		252382751A64DE3C001393AA /* menu.png in Resources */ = {isa = PBXBuildFile; fileRef = 252382721A64DE3C001393AA /* menu.png */; };
		252382761A64DE3C001393AA /* menu@2x.png in Resources */ = {isa = PBXBuildFile; fileRef = 252382731A64DE3C001393AA /* menu@2x.png */; };
		252382791A64E4DF001393AA /* SidebarViewController.m in Sources */ = {isa = PBXBuildFile; fileRef = 252382781A64E4DF001393AA /* SidebarViewController.m */; };
		2523827B1A64E8A2001393AA /* MapKit.framework in Frameworks */ = {isa = PBXBuildFile; fileRef = 2523827A1A64E8A2001393AA /* MapKit.framework */; };
		2523827D1A64E8A9001393AA /* CoreLocation.framework in Frameworks */ = {isa = PBXBuildFile; fileRef = 2523827C1A64E8A9001393AA /* CoreLocation.framework */; };
		2523827F1A64E8B6001393AA /* UIKit.framework in Frameworks */ = {isa = PBXBuildFile; fileRef = 2523827E1A64E8B6001393AA /* UIKit.framework */; };
		252382811A64E8C9001393AA /* Foundation.framework in Frameworks */ = {isa = PBXBuildFile; fileRef = 252382801A64E8C9001393AA /* Foundation.framework */; };
		252382831A64E8D1001393AA /* CoreGraphics.framework in Frameworks */ = {isa = PBXBuildFile; fileRef = 252382821A64E8D1001393AA /* CoreGraphics.framework */; };
		252382861A64ED37001393AA /* VenueViewController.m in Sources */ = {isa = PBXBuildFile; fileRef = 252382851A64ED37001393AA /* VenueViewController.m */; };
		252382891A64F2D9001393AA /* StoreViewController.m in Sources */ = {isa = PBXBuildFile; fileRef = 252382881A64F2D9001393AA /* StoreViewController.m */; };
		2523828C1A64F2EB001393AA /* BrandViewController.m in Sources */ = {isa = PBXBuildFile; fileRef = 2523828B1A64F2EB001393AA /* BrandViewController.m */; };
		252382941A650834001393AA /* gandaria_city.png in Resources */ = {isa = PBXBuildFile; fileRef = 252382901A650834001393AA /* gandaria_city.png */; };
		252382951A650834001393AA /* grand_indonesia.PNG in Resources */ = {isa = PBXBuildFile; fileRef = 252382911A650834001393AA /* grand_indonesia.PNG */; };
		252382961A650834001393AA /* kelapa_gading_mall.PNG in Resources */ = {isa = PBXBuildFile; fileRef = 252382921A650834001393AA /* kelapa_gading_mall.PNG */; };
		252382971A650834001393AA /* pondok_indah_mall.png in Resources */ = {isa = PBXBuildFile; fileRef = 252382931A650834001393AA /* pondok_indah_mall.png */; };
		252382991A65090C001393AA /* Venue.plist in Resources */ = {isa = PBXBuildFile; fileRef = 252382981A65090C001393AA /* Venue.plist */; };
		2523829C1A651221001393AA /* VenueTableViewCell.m in Sources */ = {isa = PBXBuildFile; fileRef = 2523829B1A651221001393AA /* VenueTableViewCell.m */; };
		252382AA1A66709E001393AA /* ibox.png in Resources */ = {isa = PBXBuildFile; fileRef = 252382A51A66709E001393AA /* ibox.png */; };
		252382AB1A66709E001393AA /* matahari.png in Resources */ = {isa = PBXBuildFile; fileRef = 252382A61A66709E001393AA /* matahari.png */; };
		252382AC1A66709E001393AA /* sports_station.png in Resources */ = {isa = PBXBuildFile; fileRef = 252382A71A66709E001393AA /* sports_station.png */; };
		252382AD1A66709E001393AA /* uniqlo.png in Resources */ = {isa = PBXBuildFile; fileRef = 252382A81A66709E001393AA /* uniqlo.png */; };
		252382AE1A66709E001393AA /* zara.png in Resources */ = {isa = PBXBuildFile; fileRef = 252382A91A66709E001393AA /* zara.png */; };
		252382B01A6670EB001393AA /* Brand.plist in Resources */ = {isa = PBXBuildFile; fileRef = 252382AF1A6670EB001393AA /* Brand.plist */; };
		252382B31A667BD8001393AA /* DetailViewController.m in Sources */ = {isa = PBXBuildFile; fileRef = 252382B21A667BD8001393AA /* DetailViewController.m */; };
		252708181A66877800E5E782 /* DetailTabBarController.m in Sources */ = {isa = PBXBuildFile; fileRef = 252708171A66877800E5E782 /* DetailTabBarController.m */; };
/* End PBXBuildFile section */

/* Begin PBXContainerItemProxy section */
		252382421A64D45B001393AA /* PBXContainerItemProxy */ = {
			isa = PBXContainerItemProxy;
			containerPortal = 2523821D1A64D45A001393AA /* Project object */;
			proxyType = 1;
			remoteGlobalIDString = 252382241A64D45A001393AA;
			remoteInfo = "Malls@ID";
		};
/* End PBXContainerItemProxy section */

/* Begin PBXFileReference section */
		252382251A64D45A001393AA /* Malls@ID.app */ = {isa = PBXFileReference; explicitFileType = wrapper.application; includeInIndex = 0; path = "Malls@ID.app"; sourceTree = BUILT_PRODUCTS_DIR; };
		252382291A64D45B001393AA /* Info.plist */ = {isa = PBXFileReference; lastKnownFileType = text.plist.xml; path = Info.plist; sourceTree = "<group>"; };
		2523822A1A64D45B001393AA /* main.m */ = {isa = PBXFileReference; lastKnownFileType = sourcecode.c.objc; path = main.m; sourceTree = "<group>"; };
		2523822C1A64D45B001393AA /* AppDelegate.h */ = {isa = PBXFileReference; lastKnownFileType = sourcecode.c.h; path = AppDelegate.h; sourceTree = "<group>"; };
		2523822D1A64D45B001393AA /* AppDelegate.m */ = {isa = PBXFileReference; lastKnownFileType = sourcecode.c.objc; path = AppDelegate.m; sourceTree = "<group>"; };
		252382301A64D45B001393AA /* Malls_ID.xcdatamodel */ = {isa = PBXFileReference; lastKnownFileType = wrapper.xcdatamodel; path = Malls_ID.xcdatamodel; sourceTree = "<group>"; };
		252382321A64D45B001393AA /* ViewController.h */ = {isa = PBXFileReference; lastKnownFileType = sourcecode.c.h; path = ViewController.h; sourceTree = "<group>"; };
		252382331A64D45B001393AA /* ViewController.m */ = {isa = PBXFileReference; lastKnownFileType = sourcecode.c.objc; path = ViewController.m; sourceTree = "<group>"; };
		252382361A64D45B001393AA /* Base */ = {isa = PBXFileReference; lastKnownFileType = file.storyboard; name = Base; path = Base.lproj/Main.storyboard; sourceTree = "<group>"; };
		252382381A64D45B001393AA /* Images.xcassets */ = {isa = PBXFileReference; lastKnownFileType = folder.assetcatalog; path = Images.xcassets; sourceTree = "<group>"; };
		2523823B1A64D45B001393AA /* Base */ = {isa = PBXFileReference; lastKnownFileType = file.xib; name = Base; path = Base.lproj/LaunchScreen.xib; sourceTree = "<group>"; };
		252382411A64D45B001393AA /* Malls@IDTests.xctest */ = {isa = PBXFileReference; explicitFileType = wrapper.cfbundle; includeInIndex = 0; path = "Malls@IDTests.xctest"; sourceTree = BUILT_PRODUCTS_DIR; };
		252382461A64D45B001393AA /* Info.plist */ = {isa = PBXFileReference; lastKnownFileType = text.plist.xml; path = Info.plist; sourceTree = "<group>"; };
		252382471A64D45B001393AA /* Malls_IDTests.m */ = {isa = PBXFileReference; lastKnownFileType = sourcecode.c.objc; path = Malls_IDTests.m; sourceTree = "<group>"; };
		252382521A64D67A001393AA /* SWRevealViewController.h */ = {isa = PBXFileReference; fileEncoding = 4; lastKnownFileType = sourcecode.c.h; path = SWRevealViewController.h; sourceTree = "<group>"; };
		252382531A64D67A001393AA /* SWRevealViewController.m */ = {isa = PBXFileReference; fileEncoding = 4; lastKnownFileType = sourcecode.c.objc; path = SWRevealViewController.m; sourceTree = "<group>"; };
		252382571A64DD9A001393AA /* box.png */ = {isa = PBXFileReference; lastKnownFileType = image.png; path = box.png; sourceTree = "<group>"; };
		252382581A64DD9A001393AA /* calendar.png */ = {isa = PBXFileReference; lastKnownFileType = image.png; path = calendar.png; sourceTree = "<group>"; };
		252382591A64DD9A001393AA /* clock.png */ = {isa = PBXFileReference; lastKnownFileType = image.png; path = clock.png; sourceTree = "<group>"; };
		2523825A1A64DD9A001393AA /* comment.png */ = {isa = PBXFileReference; lastKnownFileType = image.png; path = comment.png; sourceTree = "<group>"; };
		2523825B1A64DD9A001393AA /* date_count.png */ = {isa = PBXFileReference; lastKnownFileType = image.png; path = date_count.png; sourceTree = "<group>"; };
		2523825C1A64DD9A001393AA /* directory.png */ = {isa = PBXFileReference; lastKnownFileType = image.png; path = directory.png; sourceTree = "<group>"; };
		2523825D1A64DD9A001393AA /* letter.png */ = {isa = PBXFileReference; lastKnownFileType = image.png; path = letter.png; sourceTree = "<group>"; };
		2523825E1A64DD9A001393AA /* mail.png */ = {isa = PBXFileReference; lastKnownFileType = image.png; path = mail.png; sourceTree = "<group>"; };
		2523825F1A64DD9A001393AA /* price_tag_blue.png */ = {isa = PBXFileReference; lastKnownFileType = image.png; path = price_tag_blue.png; sourceTree = "<group>"; };
		252382601A64DD9A001393AA /* price_tag_green.png */ = {isa = PBXFileReference; lastKnownFileType = image.png; path = price_tag_green.png; sourceTree = "<group>"; };
		252382611A64DD9A001393AA /* price_tag_red.png */ = {isa = PBXFileReference; lastKnownFileType = image.png; path = price_tag_red.png; sourceTree = "<group>"; };
		252382621A64DD9A001393AA /* price_tag_yellow.png */ = {isa = PBXFileReference; lastKnownFileType = image.png; path = price_tag_yellow.png; sourceTree = "<group>"; };
		252382631A64DD9A001393AA /* shopping_bag.png */ = {isa = PBXFileReference; lastKnownFileType = image.png; path = shopping_bag.png; sourceTree = "<group>"; };
		252382711A64DE3C001393AA /* map.png */ = {isa = PBXFileReference; lastKnownFileType = image.png; path = map.png; sourceTree = "<group>"; };
		252382721A64DE3C001393AA /* menu.png */ = {isa = PBXFileReference; lastKnownFileType = image.png; path = menu.png; sourceTree = "<group>"; };
		252382731A64DE3C001393AA /* menu@2x.png */ = {isa = PBXFileReference; lastKnownFileType = image.png; path = "menu@2x.png"; sourceTree = "<group>"; };
		252382771A64E4DF001393AA /* SidebarViewController.h */ = {isa = PBXFileReference; fileEncoding = 4; lastKnownFileType = sourcecode.c.h; path = SidebarViewController.h; sourceTree = "<group>"; };
		252382781A64E4DF001393AA /* SidebarViewController.m */ = {isa = PBXFileReference; fileEncoding = 4; lastKnownFileType = sourcecode.c.objc; path = SidebarViewController.m; sourceTree = "<group>"; };
		2523827A1A64E8A2001393AA /* MapKit.framework */ = {isa = PBXFileReference; lastKnownFileType = wrapper.framework; name = MapKit.framework; path = System/Library/Frameworks/MapKit.framework; sourceTree = SDKROOT; };
		2523827C1A64E8A9001393AA /* CoreLocation.framework */ = {isa = PBXFileReference; lastKnownFileType = wrapper.framework; name = CoreLocation.framework; path = System/Library/Frameworks/CoreLocation.framework; sourceTree = SDKROOT; };
		2523827E1A64E8B6001393AA /* UIKit.framework */ = {isa = PBXFileReference; lastKnownFileType = wrapper.framework; name = UIKit.framework; path = System/Library/Frameworks/UIKit.framework; sourceTree = SDKROOT; };
		252382801A64E8C9001393AA /* Foundation.framework */ = {isa = PBXFileReference; lastKnownFileType = wrapper.framework; name = Foundation.framework; path = System/Library/Frameworks/Foundation.framework; sourceTree = SDKROOT; };
		252382821A64E8D1001393AA /* CoreGraphics.framework */ = {isa = PBXFileReference; lastKnownFileType = wrapper.framework; name = CoreGraphics.framework; path = System/Library/Frameworks/CoreGraphics.framework; sourceTree = SDKROOT; };
		252382841A64ED37001393AA /* VenueViewController.h */ = {isa = PBXFileReference; fileEncoding = 4; lastKnownFileType = sourcecode.c.h; path = VenueViewController.h; sourceTree = "<group>"; };
		252382851A64ED37001393AA /* VenueViewController.m */ = {isa = PBXFileReference; fileEncoding = 4; lastKnownFileType = sourcecode.c.objc; path = VenueViewController.m; sourceTree = "<group>"; };
		252382871A64F2D9001393AA /* StoreViewController.h */ = {isa = PBXFileReference; fileEncoding = 4; lastKnownFileType = sourcecode.c.h; path = StoreViewController.h; sourceTree = "<group>"; };
		252382881A64F2D9001393AA /* StoreViewController.m */ = {isa = PBXFileReference; fileEncoding = 4; lastKnownFileType = sourcecode.c.objc; path = StoreViewController.m; sourceTree = "<group>"; };
		2523828A1A64F2EB001393AA /* BrandViewController.h */ = {isa = PBXFileReference; fileEncoding = 4; lastKnownFileType = sourcecode.c.h; path = BrandViewController.h; sourceTree = "<group>"; };
		2523828B1A64F2EB001393AA /* BrandViewController.m */ = {isa = PBXFileReference; fileEncoding = 4; lastKnownFileType = sourcecode.c.objc; path = BrandViewController.m; sourceTree = "<group>"; };
		252382901A650834001393AA /* gandaria_city.png */ = {isa = PBXFileReference; lastKnownFileType = image.png; path = gandaria_city.png; sourceTree = "<group>"; };
		252382911A650834001393AA /* grand_indonesia.PNG */ = {isa = PBXFileReference; lastKnownFileType = image.png; path = grand_indonesia.PNG; sourceTree = "<group>"; };
		252382921A650834001393AA /* kelapa_gading_mall.PNG */ = {isa = PBXFileReference; lastKnownFileType = image.png; path = kelapa_gading_mall.PNG; sourceTree = "<group>"; };
		252382931A650834001393AA /* pondok_indah_mall.png */ = {isa = PBXFileReference; lastKnownFileType = image.png; path = pondok_indah_mall.png; sourceTree = "<group>"; };
		252382981A65090C001393AA /* Venue.plist */ = {isa = PBXFileReference; fileEncoding = 4; lastKnownFileType = text.plist.xml; path = Venue.plist; sourceTree = "<group>"; };
		2523829A1A651221001393AA /* VenueTableViewCell.h */ = {isa = PBXFileReference; fileEncoding = 4; lastKnownFileType = sourcecode.c.h; path = VenueTableViewCell.h; sourceTree = "<group>"; };
		2523829B1A651221001393AA /* VenueTableViewCell.m */ = {isa = PBXFileReference; fileEncoding = 4; lastKnownFileType = sourcecode.c.objc; path = VenueTableViewCell.m; sourceTree = "<group>"; };
		252382A51A66709E001393AA /* ibox.png */ = {isa = PBXFileReference; lastKnownFileType = image.png; path = ibox.png; sourceTree = "<group>"; };
		252382A61A66709E001393AA /* matahari.png */ = {isa = PBXFileReference; lastKnownFileType = image.png; path = matahari.png; sourceTree = "<group>"; };
		252382A71A66709E001393AA /* sports_station.png */ = {isa = PBXFileReference; lastKnownFileType = image.png; path = sports_station.png; sourceTree = "<group>"; };
		252382A81A66709E001393AA /* uniqlo.png */ = {isa = PBXFileReference; lastKnownFileType = image.png; path = uniqlo.png; sourceTree = "<group>"; };
		252382A91A66709E001393AA /* zara.png */ = {isa = PBXFileReference; lastKnownFileType = image.png; path = zara.png; sourceTree = "<group>"; };
		252382AF1A6670EB001393AA /* Brand.plist */ = {isa = PBXFileReference; fileEncoding = 4; lastKnownFileType = text.plist.xml; path = Brand.plist; sourceTree = "<group>"; };
		252382B11A667BD8001393AA /* DetailViewController.h */ = {isa = PBXFileReference; fileEncoding = 4; lastKnownFileType = sourcecode.c.h; path = DetailViewController.h; sourceTree = "<group>"; };
		252382B21A667BD8001393AA /* DetailViewController.m */ = {isa = PBXFileReference; fileEncoding = 4; lastKnownFileType = sourcecode.c.objc; path = DetailViewController.m; sourceTree = "<group>"; };
		252708161A66877800E5E782 /* DetailTabBarController.h */ = {isa = PBXFileReference; fileEncoding = 4; lastKnownFileType = sourcecode.c.h; path = DetailTabBarController.h; sourceTree = "<group>"; };
		252708171A66877800E5E782 /* DetailTabBarController.m */ = {isa = PBXFileReference; fileEncoding = 4; lastKnownFileType = sourcecode.c.objc; path = DetailTabBarController.m; sourceTree = "<group>"; };
/* End PBXFileReference section */

/* Begin PBXFrameworksBuildPhase section */
		252382221A64D45A001393AA /* Frameworks */ = {
			isa = PBXFrameworksBuildPhase;
			buildActionMask = 2147483647;
			files = (
				252382831A64E8D1001393AA /* CoreGraphics.framework in Frameworks */,
				252382811A64E8C9001393AA /* Foundation.framework in Frameworks */,
				2523827F1A64E8B6001393AA /* UIKit.framework in Frameworks */,
				2523827D1A64E8A9001393AA /* CoreLocation.framework in Frameworks */,
				2523827B1A64E8A2001393AA /* MapKit.framework in Frameworks */,
			);
			runOnlyForDeploymentPostprocessing = 0;
		};
		2523823E1A64D45B001393AA /* Frameworks */ = {
			isa = PBXFrameworksBuildPhase;
			buildActionMask = 2147483647;
			files = (
			);
			runOnlyForDeploymentPostprocessing = 0;
		};
/* End PBXFrameworksBuildPhase section */

/* Begin PBXGroup section */
		2523821C1A64D45A001393AA = {
			isa = PBXGroup;
			children = (
				252382821A64E8D1001393AA /* CoreGraphics.framework */,
				252382801A64E8C9001393AA /* Foundation.framework */,
				2523827E1A64E8B6001393AA /* UIKit.framework */,
				2523827C1A64E8A9001393AA /* CoreLocation.framework */,
				2523827A1A64E8A2001393AA /* MapKit.framework */,
				252382271A64D45A001393AA /* Malls@ID */,
				252382441A64D45B001393AA /* Malls@IDTests */,
				252382261A64D45A001393AA /* Products */,
			);
			sourceTree = "<group>";
		};
		252382261A64D45A001393AA /* Products */ = {
			isa = PBXGroup;
			children = (
				252382251A64D45A001393AA /* Malls@ID.app */,
				252382411A64D45B001393AA /* Malls@IDTests.xctest */,
			);
			name = Products;
			sourceTree = "<group>";
		};
		252382271A64D45A001393AA /* Malls@ID */ = {
			isa = PBXGroup;
			children = (
				252382511A64D649001393AA /* SWRevealViewController */,
				2523822C1A64D45B001393AA /* AppDelegate.h */,
				2523822D1A64D45B001393AA /* AppDelegate.m */,
				2523828D1A64F2FB001393AA /* ViewControllers */,
				252382351A64D45B001393AA /* Main.storyboard */,
				2523829A1A651221001393AA /* VenueTableViewCell.h */,
				2523829B1A651221001393AA /* VenueTableViewCell.m */,
				252382381A64D45B001393AA /* Images.xcassets */,
				2523823A1A64D45B001393AA /* LaunchScreen.xib */,
				252382981A65090C001393AA /* Venue.plist */,
				252382AF1A6670EB001393AA /* Brand.plist */,
				2523822F1A64D45B001393AA /* Malls_ID.xcdatamodeld */,
				252382281A64D45B001393AA /* Supporting Files */,
			);
			path = "Malls@ID";
			sourceTree = "<group>";
		};
		252382281A64D45B001393AA /* Supporting Files */ = {
			isa = PBXGroup;
			children = (
				252382561A64D772001393AA /* Images */,
				252382291A64D45B001393AA /* Info.plist */,
				2523822A1A64D45B001393AA /* main.m */,
			);
			name = "Supporting Files";
			sourceTree = "<group>";
		};
		252382441A64D45B001393AA /* Malls@IDTests */ = {
			isa = PBXGroup;
			children = (
				252382471A64D45B001393AA /* Malls_IDTests.m */,
				252382451A64D45B001393AA /* Supporting Files */,
			);
			path = "Malls@IDTests";
			sourceTree = "<group>";
		};
		252382451A64D45B001393AA /* Supporting Files */ = {
			isa = PBXGroup;
			children = (
				252382461A64D45B001393AA /* Info.plist */,
			);
			name = "Supporting Files";
			sourceTree = "<group>";
		};
		252382511A64D649001393AA /* SWRevealViewController */ = {
			isa = PBXGroup;
			children = (
				252382521A64D67A001393AA /* SWRevealViewController.h */,
				252382531A64D67A001393AA /* SWRevealViewController.m */,
			);
			name = SWRevealViewController;
			sourceTree = "<group>";
		};
		252382561A64D772001393AA /* Images */ = {
			isa = PBXGroup;
			children = (
				252382A41A66707C001393AA /* Brands */,
				2523828E1A650807001393AA /* Malls */,
				2523828F1A650816001393AA /* Icons */,
			);
			name = Images;
			sourceTree = "<group>";
		};
		2523828D1A64F2FB001393AA /* ViewControllers */ = {
			isa = PBXGroup;
			children = (
				252382771A64E4DF001393AA /* SidebarViewController.h */,
				252382781A64E4DF001393AA /* SidebarViewController.m */,
				252382321A64D45B001393AA /* ViewController.h */,
				252382331A64D45B001393AA /* ViewController.m */,
				252382841A64ED37001393AA /* VenueViewController.h */,
				252382851A64ED37001393AA /* VenueViewController.m */,
				252382B11A667BD8001393AA /* DetailViewController.h */,
				252382B21A667BD8001393AA /* DetailViewController.m */,
				252382871A64F2D9001393AA /* StoreViewController.h */,
				252382881A64F2D9001393AA /* StoreViewController.m */,
				2523828A1A64F2EB001393AA /* BrandViewController.h */,
				2523828B1A64F2EB001393AA /* BrandViewController.m */,
				252708161A66877800E5E782 /* DetailTabBarController.h */,
				252708171A66877800E5E782 /* DetailTabBarController.m */,
			);
			name = ViewControllers;
			sourceTree = "<group>";
		};
		2523828E1A650807001393AA /* Malls */ = {
			isa = PBXGroup;
			children = (
				252382901A650834001393AA /* gandaria_city.png */,
				252382911A650834001393AA /* grand_indonesia.PNG */,
				252382921A650834001393AA /* kelapa_gading_mall.PNG */,
				252382931A650834001393AA /* pondok_indah_mall.png */,
			);
			name = Malls;
			sourceTree = "<group>";
		};
		2523828F1A650816001393AA /* Icons */ = {
			isa = PBXGroup;
			children = (
				252382711A64DE3C001393AA /* map.png */,
				252382721A64DE3C001393AA /* menu.png */,
				252382731A64DE3C001393AA /* menu@2x.png */,
				252382571A64DD9A001393AA /* box.png */,
				252382581A64DD9A001393AA /* calendar.png */,
				252382591A64DD9A001393AA /* clock.png */,
				2523825A1A64DD9A001393AA /* comment.png */,
				2523825B1A64DD9A001393AA /* date_count.png */,
				2523825C1A64DD9A001393AA /* directory.png */,
				2523825D1A64DD9A001393AA /* letter.png */,
				2523825E1A64DD9A001393AA /* mail.png */,
				2523825F1A64DD9A001393AA /* price_tag_blue.png */,
				252382601A64DD9A001393AA /* price_tag_green.png */,
				252382611A64DD9A001393AA /* price_tag_red.png */,
				252382621A64DD9A001393AA /* price_tag_yellow.png */,
				252382631A64DD9A001393AA /* shopping_bag.png */,
			);
			name = Icons;
			sourceTree = "<group>";
		};
		252382A41A66707C001393AA /* Brands */ = {
			isa = PBXGroup;
			children = (
				252382A51A66709E001393AA /* ibox.png */,
				252382A61A66709E001393AA /* matahari.png */,
				252382A71A66709E001393AA /* sports_station.png */,
				252382A81A66709E001393AA /* uniqlo.png */,
				252382A91A66709E001393AA /* zara.png */,
			);
			name = Brands;
			sourceTree = "<group>";
		};
/* End PBXGroup section */

/* Begin PBXNativeTarget section */
		252382241A64D45A001393AA /* Malls@ID */ = {
			isa = PBXNativeTarget;
			buildConfigurationList = 2523824B1A64D45B001393AA /* Build configuration list for PBXNativeTarget "Malls@ID" */;
			buildPhases = (
				252382211A64D45A001393AA /* Sources */,
				252382221A64D45A001393AA /* Frameworks */,
				252382231A64D45A001393AA /* Resources */,
			);
			buildRules = (
			);
			dependencies = (
			);
			name = "Malls@ID";
			productName = "Malls@ID";
			productReference = 252382251A64D45A001393AA /* Malls@ID.app */;
			productType = "com.apple.product-type.application";
		};
		252382401A64D45B001393AA /* Malls@IDTests */ = {
			isa = PBXNativeTarget;
			buildConfigurationList = 2523824E1A64D45B001393AA /* Build configuration list for PBXNativeTarget "Malls@IDTests" */;
			buildPhases = (
				2523823D1A64D45B001393AA /* Sources */,
				2523823E1A64D45B001393AA /* Frameworks */,
				2523823F1A64D45B001393AA /* Resources */,
			);
			buildRules = (
			);
			dependencies = (
				252382431A64D45B001393AA /* PBXTargetDependency */,
			);
			name = "Malls@IDTests";
			productName = "Malls@IDTests";
			productReference = 252382411A64D45B001393AA /* Malls@IDTests.xctest */;
			productType = "com.apple.product-type.bundle.unit-test";
		};
/* End PBXNativeTarget section */

/* Begin PBXProject section */
		2523821D1A64D45A001393AA /* Project object */ = {
			isa = PBXProject;
			attributes = {
				LastUpgradeCheck = 0610;
				ORGANIZATIONNAME = "Farandi Kusumo";
				TargetAttributes = {
					252382241A64D45A001393AA = {
						CreatedOnToolsVersion = 6.1.1;
					};
					252382401A64D45B001393AA = {
						CreatedOnToolsVersion = 6.1.1;
						TestTargetID = 252382241A64D45A001393AA;
					};
				};
			};
			buildConfigurationList = 252382201A64D45A001393AA /* Build configuration list for PBXProject "Malls@ID" */;
			compatibilityVersion = "Xcode 3.2";
			developmentRegion = English;
			hasScannedForEncodings = 0;
			knownRegions = (
				en,
				Base,
			);
			mainGroup = 2523821C1A64D45A001393AA;
			productRefGroup = 252382261A64D45A001393AA /* Products */;
			projectDirPath = "";
			projectRoot = "";
			targets = (
				252382241A64D45A001393AA /* Malls@ID */,
				252382401A64D45B001393AA /* Malls@IDTests */,
			);
		};
/* End PBXProject section */

/* Begin PBXResourcesBuildPhase section */
		252382231A64D45A001393AA /* Resources */ = {
			isa = PBXResourcesBuildPhase;
			buildActionMask = 2147483647;
			files = (
				252382691A64DD9A001393AA /* directory.png in Resources */,
				2523826D1A64DD9A001393AA /* price_tag_green.png in Resources */,
				252382751A64DE3C001393AA /* menu.png in Resources */,
				2523826F1A64DD9A001393AA /* price_tag_yellow.png in Resources */,
				252382761A64DE3C001393AA /* menu@2x.png in Resources */,
				252382661A64DD9A001393AA /* clock.png in Resources */,
				252382AA1A66709E001393AA /* ibox.png in Resources */,
				252382951A650834001393AA /* grand_indonesia.PNG in Resources */,
				252382701A64DD9A001393AA /* shopping_bag.png in Resources */,
				252382AD1A66709E001393AA /* uniqlo.png in Resources */,
				252382941A650834001393AA /* gandaria_city.png in Resources */,
				252382371A64D45B001393AA /* Main.storyboard in Resources */,
				252382AE1A66709E001393AA /* zara.png in Resources */,
				2523826E1A64DD9A001393AA /* price_tag_red.png in Resources */,
				252382AB1A66709E001393AA /* matahari.png in Resources */,
				2523823C1A64D45B001393AA /* LaunchScreen.xib in Resources */,
				252382651A64DD9A001393AA /* calendar.png in Resources */,
				2523826A1A64DD9A001393AA /* letter.png in Resources */,
				2523826B1A64DD9A001393AA /* mail.png in Resources */,
				252382971A650834001393AA /* pondok_indah_mall.png in Resources */,
				252382991A65090C001393AA /* Venue.plist in Resources */,
				252382741A64DE3C001393AA /* map.png in Resources */,
				252382391A64D45B001393AA /* Images.xcassets in Resources */,
				252382AC1A66709E001393AA /* sports_station.png in Resources */,
				252382961A650834001393AA /* kelapa_gading_mall.PNG in Resources */,
				252382641A64DD9A001393AA /* box.png in Resources */,
				252382671A64DD9A001393AA /* comment.png in Resources */,
				2523826C1A64DD9A001393AA /* price_tag_blue.png in Resources */,
				252382B01A6670EB001393AA /* Brand.plist in Resources */,
				252382681A64DD9A001393AA /* date_count.png in Resources */,
			);
			runOnlyForDeploymentPostprocessing = 0;
		};
		2523823F1A64D45B001393AA /* Resources */ = {
			isa = PBXResourcesBuildPhase;
			buildActionMask = 2147483647;
			files = (
			);
			runOnlyForDeploymentPostprocessing = 0;
		};
/* End PBXResourcesBuildPhase section */

/* Begin PBXSourcesBuildPhase section */
		252382211A64D45A001393AA /* Sources */ = {
			isa = PBXSourcesBuildPhase;
			buildActionMask = 2147483647;
			files = (
				2523828C1A64F2EB001393AA /* BrandViewController.m in Sources */,
				252382311A64D45B001393AA /* Malls_ID.xcdatamodeld in Sources */,
				252708181A66877800E5E782 /* DetailTabBarController.m in Sources */,
				2523822E1A64D45B001393AA /* AppDelegate.m in Sources */,
				252382541A64D67A001393AA /* SWRevealViewController.m in Sources */,
				252382791A64E4DF001393AA /* SidebarViewController.m in Sources */,
				252382891A64F2D9001393AA /* StoreViewController.m in Sources */,
				252382861A64ED37001393AA /* VenueViewController.m in Sources */,
				252382B31A667BD8001393AA /* DetailViewController.m in Sources */,
				2523829C1A651221001393AA /* VenueTableViewCell.m in Sources */,
				252382341A64D45B001393AA /* ViewController.m in Sources */,
				2523822B1A64D45B001393AA /* main.m in Sources */,
			);
			runOnlyForDeploymentPostprocessing = 0;
		};
		2523823D1A64D45B001393AA /* Sources */ = {
			isa = PBXSourcesBuildPhase;
			buildActionMask = 2147483647;
			files = (
				252382481A64D45B001393AA /* Malls_IDTests.m in Sources */,
			);
			runOnlyForDeploymentPostprocessing = 0;
		};
/* End PBXSourcesBuildPhase section */

/* Begin PBXTargetDependency section */
		252382431A64D45B001393AA /* PBXTargetDependency */ = {
			isa = PBXTargetDependency;
			target = 252382241A64D45A001393AA /* Malls@ID */;
			targetProxy = 252382421A64D45B001393AA /* PBXContainerItemProxy */;
		};
/* End PBXTargetDependency section */

/* Begin PBXVariantGroup section */
		252382351A64D45B001393AA /* Main.storyboard */ = {
			isa = PBXVariantGroup;
			children = (
				252382361A64D45B001393AA /* Base */,
			);
			name = Main.storyboard;
			sourceTree = "<group>";
		};
		2523823A1A64D45B001393AA /* LaunchScreen.xib */ = {
			isa = PBXVariantGroup;
			children = (
				2523823B1A64D45B001393AA /* Base */,
			);
			name = LaunchScreen.xib;
			sourceTree = "<group>";
		};
/* End PBXVariantGroup section */

/* Begin XCBuildConfiguration section */
		252382491A64D45B001393AA /* Debug */ = {
			isa = XCBuildConfiguration;
			buildSettings = {
				ALWAYS_SEARCH_USER_PATHS = NO;
				CLANG_CXX_LANGUAGE_STANDARD = "gnu++0x";
				CLANG_CXX_LIBRARY = "libc++";
				CLANG_ENABLE_MODULES = YES;
				CLANG_ENABLE_OBJC_ARC = YES;
				CLANG_WARN_BOOL_CONVERSION = YES;
				CLANG_WARN_CONSTANT_CONVERSION = YES;
				CLANG_WARN_DIRECT_OBJC_ISA_USAGE = YES_ERROR;
				CLANG_WARN_EMPTY_BODY = YES;
				CLANG_WARN_ENUM_CONVERSION = YES;
				CLANG_WARN_INT_CONVERSION = YES;
				CLANG_WARN_OBJC_ROOT_CLASS = YES_ERROR;
				CLANG_WARN_UNREACHABLE_CODE = YES;
				CLANG_WARN__DUPLICATE_METHOD_MATCH = YES;
				"CODE_SIGN_IDENTITY[sdk=iphoneos*]" = "iPhone Developer";
				COPY_PHASE_STRIP = NO;
				ENABLE_STRICT_OBJC_MSGSEND = YES;
				GCC_C_LANGUAGE_STANDARD = gnu99;
				GCC_DYNAMIC_NO_PIC = NO;
				GCC_OPTIMIZATION_LEVEL = 0;
				GCC_PREPROCESSOR_DEFINITIONS = (
					"DEBUG=1",
					"$(inherited)",
				);
				GCC_SYMBOLS_PRIVATE_EXTERN = NO;
				GCC_WARN_64_TO_32_BIT_CONVERSION = YES;
				GCC_WARN_ABOUT_RETURN_TYPE = YES_ERROR;
				GCC_WARN_UNDECLARED_SELECTOR = YES;
				GCC_WARN_UNINITIALIZED_AUTOS = YES_AGGRESSIVE;
				GCC_WARN_UNUSED_FUNCTION = YES;
				GCC_WARN_UNUSED_VARIABLE = YES;
				IPHONEOS_DEPLOYMENT_TARGET = 8.1;
				MTL_ENABLE_DEBUG_INFO = YES;
				ONLY_ACTIVE_ARCH = YES;
				SDKROOT = iphoneos;
			};
			name = Debug;
		};
		2523824A1A64D45B001393AA /* Release */ = {
			isa = XCBuildConfiguration;
			buildSettings = {
				ALWAYS_SEARCH_USER_PATHS = NO;
				CLANG_CXX_LANGUAGE_STANDARD = "gnu++0x";
				CLANG_CXX_LIBRARY = "libc++";
				CLANG_ENABLE_MODULES = YES;
				CLANG_ENABLE_OBJC_ARC = YES;
				CLANG_WARN_BOOL_CONVERSION = YES;
				CLANG_WARN_CONSTANT_CONVERSION = YES;
				CLANG_WARN_DIRECT_OBJC_ISA_USAGE = YES_ERROR;
				CLANG_WARN_EMPTY_BODY = YES;
				CLANG_WARN_ENUM_CONVERSION = YES;
				CLANG_WARN_INT_CONVERSION = YES;
				CLANG_WARN_OBJC_ROOT_CLASS = YES_ERROR;
				CLANG_WARN_UNREACHABLE_CODE = YES;
				CLANG_WARN__DUPLICATE_METHOD_MATCH = YES;
				"CODE_SIGN_IDENTITY[sdk=iphoneos*]" = "iPhone Developer";
				COPY_PHASE_STRIP = YES;
				ENABLE_NS_ASSERTIONS = NO;
				ENABLE_STRICT_OBJC_MSGSEND = YES;
				GCC_C_LANGUAGE_STANDARD = gnu99;
				GCC_WARN_64_TO_32_BIT_CONVERSION = YES;
				GCC_WARN_ABOUT_RETURN_TYPE = YES_ERROR;
				GCC_WARN_UNDECLARED_SELECTOR = YES;
				GCC_WARN_UNINITIALIZED_AUTOS = YES_AGGRESSIVE;
				GCC_WARN_UNUSED_FUNCTION = YES;
				GCC_WARN_UNUSED_VARIABLE = YES;
				IPHONEOS_DEPLOYMENT_TARGET = 8.1;
				MTL_ENABLE_DEBUG_INFO = NO;
				SDKROOT = iphoneos;
				VALIDATE_PRODUCT = YES;
			};
			name = Release;
		};
		2523824C1A64D45B001393AA /* Debug */ = {
			isa = XCBuildConfiguration;
			buildSettings = {
				ASSETCATALOG_COMPILER_APPICON_NAME = AppIcon;
				INFOPLIST_FILE = "Malls@ID/Info.plist";
				IPHONEOS_DEPLOYMENT_TARGET = 7.0;
				LD_RUNPATH_SEARCH_PATHS = "$(inherited) @executable_path/Frameworks";
				PRODUCT_NAME = "$(TARGET_NAME)";
				TARGETED_DEVICE_FAMILY = "1,2";
			};
			name = Debug;
		};
		2523824D1A64D45B001393AA /* Release */ = {
			isa = XCBuildConfiguration;
			buildSettings = {
				ASSETCATALOG_COMPILER_APPICON_NAME = AppIcon;
				INFOPLIST_FILE = "Malls@ID/Info.plist";
				IPHONEOS_DEPLOYMENT_TARGET = 7.0;
				LD_RUNPATH_SEARCH_PATHS = "$(inherited) @executable_path/Frameworks";
				PRODUCT_NAME = "$(TARGET_NAME)";
				TARGETED_DEVICE_FAMILY = "1,2";
			};
			name = Release;
		};
		2523824F1A64D45B001393AA /* Debug */ = {
			isa = XCBuildConfiguration;
			buildSettings = {
				BUNDLE_LOADER = "$(TEST_HOST)";
				FRAMEWORK_SEARCH_PATHS = (
					"$(SDKROOT)/Developer/Library/Frameworks",
					"$(inherited)",
				);
				GCC_PREPROCESSOR_DEFINITIONS = (
					"DEBUG=1",
					"$(inherited)",
				);
				INFOPLIST_FILE = "Malls@IDTests/Info.plist";
				LD_RUNPATH_SEARCH_PATHS = "$(inherited) @executable_path/Frameworks @loader_path/Frameworks";
				PRODUCT_NAME = "$(TARGET_NAME)";
				TEST_HOST = "$(BUILT_PRODUCTS_DIR)/Malls@ID.app/Malls@ID";
			};
			name = Debug;
		};
		252382501A64D45B001393AA /* Release */ = {
			isa = XCBuildConfiguration;
			buildSettings = {
				BUNDLE_LOADER = "$(TEST_HOST)";
				FRAMEWORK_SEARCH_PATHS = (
					"$(SDKROOT)/Developer/Library/Frameworks",
					"$(inherited)",
				);
				INFOPLIST_FILE = "Malls@IDTests/Info.plist";
				LD_RUNPATH_SEARCH_PATHS = "$(inherited) @executable_path/Frameworks @loader_path/Frameworks";
				PRODUCT_NAME = "$(TARGET_NAME)";
				TEST_HOST = "$(BUILT_PRODUCTS_DIR)/Malls@ID.app/Malls@ID";
			};
			name = Release;
		};
/* End XCBuildConfiguration section */

/* Begin XCConfigurationList section */
		252382201A64D45A001393AA /* Build configuration list for PBXProject "Malls@ID" */ = {
			isa = XCConfigurationList;
			buildConfigurations = (
				252382491A64D45B001393AA /* Debug */,
				2523824A1A64D45B001393AA /* Release */,
			);
			defaultConfigurationIsVisible = 0;
			defaultConfigurationName = Release;
		};
		2523824B1A64D45B001393AA /* Build configuration list for PBXNativeTarget "Malls@ID" */ = {
			isa = XCConfigurationList;
			buildConfigurations = (
				2523824C1A64D45B001393AA /* Debug */,
				2523824D1A64D45B001393AA /* Release */,
			);
			defaultConfigurationIsVisible = 0;
			defaultConfigurationName = Release;
		};
		2523824E1A64D45B001393AA /* Build configuration list for PBXNativeTarget "Malls@IDTests" */ = {
			isa = XCConfigurationList;
			buildConfigurations = (
				2523824F1A64D45B001393AA /* Debug */,
				252382501A64D45B001393AA /* Release */,
			);
			defaultConfigurationIsVisible = 0;
			defaultConfigurationName = Release;
		};
/* End XCConfigurationList section */

/* Begin XCVersionGroup section */
		2523822F1A64D45B001393AA /* Malls_ID.xcdatamodeld */ = {
			isa = XCVersionGroup;
			children = (
				252382301A64D45B001393AA /* Malls_ID.xcdatamodel */,
			);
			currentVersion = 252382301A64D45B001393AA /* Malls_ID.xcdatamodel */;
			path = Malls_ID.xcdatamodeld;
			sourceTree = "<group>";
			versionGroupType = wrapper.xcdatamodel;
		};
/* End XCVersionGroup section */
	};
	rootObject = 2523821D1A64D45A001393AA /* Project object */;
}
